
Microsoft Visual Studio Solution File, Format Version 12.00
# Visual Studio Version 17
VisualStudioVersion = 17.13.35825.156 d17.13
MinimumVisualStudioVersion = 10.0.40219.1
Project("{FAE04EC0-301F-11D3-BF4B-00C04F79EFBC}") = "Peripass.Interview", "Peripass.Interview.csproj", "{58B331A8-26AE-4DAE-8C78-002ABC174647}"
EndProject
Global
	GlobalSection(SolutionConfigurationPlatforms) = preSolution
		Debug|Any CPU = Debug|Any CPU
		Release|Any CPU = Release|Any CPU
	EndGlobalSection
	GlobalSection(ProjectConfigurationPlatforms) = postSolution
		{58B331A8-26AE-4DAE-8C78-002ABC174647}.Debug|Any CPU.ActiveCfg = Debug|Any CPU
		{58B331A8-26AE-4DAE-8C78-002ABC174647}.Debug|Any CPU.Build.0 = Debug|Any CPU
		{58B331A8-26AE-4DAE-8C78-002ABC174647}.Release|Any CPU.ActiveCfg = Release|Any CPU
		{58B331A8-26AE-4DAE-8C78-002ABC174647}.Release|Any CPU.Build.0 = Release|Any CPU
	EndGlobalSection
	GlobalSection(SolutionProperties) = preSolution
		HideSolutionNode = FALSE
	EndGlobalSection
	GlobalSection(ExtensibilityGlobals) = postSolution
		SolutionGuid = {2483B094-5612-4631-A84D-CF0F1F7DCD7A}
	EndGlobalSection
EndGlobal
